// !$*UTF8*$!
{
	archiveVersion = 1;
	classes = {
	};
	objectVersion = 50;
	objects = {

/* Begin PBXBuildFile section */
		0C39DDFC16A60210E59AF757 /* libPods-ExchangeRatesTestTask.a in Frameworks */ = {isa = PBXBuildFile; fileRef = A527500663B0DE1108508518 /* libPods-ExchangeRatesTestTask.a */; };
		AF4A31EB24487E0B00505803 /* AppDelegate.swift in Sources */ = {isa = PBXBuildFile; fileRef = AF4A31EA24487E0B00505803 /* AppDelegate.swift */; };
		AF4A31F224487E0B00505803 /* Main.storyboard in Resources */ = {isa = PBXBuildFile; fileRef = AF4A31F024487E0B00505803 /* Main.storyboard */; };
		AF4A31F424487E0D00505803 /* Assets.xcassets in Resources */ = {isa = PBXBuildFile; fileRef = AF4A31F324487E0D00505803 /* Assets.xcassets */; };
		AF4A31F724487E0D00505803 /* LaunchScreen.storyboard in Resources */ = {isa = PBXBuildFile; fileRef = AF4A31F524487E0D00505803 /* LaunchScreen.storyboard */; };
		AF4A320E2448EDB800505803 /* CurrencyListModel.swift in Sources */ = {isa = PBXBuildFile; fileRef = AF4A320D2448EDB800505803 /* CurrencyListModel.swift */; };
		AF4A32102448EDD000505803 /* CurrencyListPresenter.swift in Sources */ = {isa = PBXBuildFile; fileRef = AF4A320F2448EDD000505803 /* CurrencyListPresenter.swift */; };
		AF4A32122448EDDF00505803 /* CurrencyListVC.swift in Sources */ = {isa = PBXBuildFile; fileRef = AF4A32112448EDDF00505803 /* CurrencyListVC.swift */; };
		AF4A32152449A3CF00505803 /* UIView+Utils.swift in Sources */ = {isa = PBXBuildFile; fileRef = AF4A32142449A3CF00505803 /* UIView+Utils.swift */; };
		AF4A32172449A58400505803 /* CurrencyListCell.swift in Sources */ = {isa = PBXBuildFile; fileRef = AF4A32162449A58400505803 /* CurrencyListCell.swift */; };
		AF4A32192449A5A700505803 /* CurrencyListViewElements.swift in Sources */ = {isa = PBXBuildFile; fileRef = AF4A32182449A5A700505803 /* CurrencyListViewElements.swift */; };
		AF4A321B2449E66500505803 /* Currency.swift in Sources */ = {isa = PBXBuildFile; fileRef = AF4A321A2449E66500505803 /* Currency.swift */; };
		AF4A321D2449E67000505803 /* Rate.swift in Sources */ = {isa = PBXBuildFile; fileRef = AF4A321C2449E67000505803 /* Rate.swift */; };
		AF4A321F2449E6AD00505803 /* ResponseValidator.swift in Sources */ = {isa = PBXBuildFile; fileRef = AF4A321E2449E6AD00505803 /* ResponseValidator.swift */; };
		AF4A32212449E6CF00505803 /* Router.swift in Sources */ = {isa = PBXBuildFile; fileRef = AF4A32202449E6CF00505803 /* Router.swift */; };
		AF4A32232449E6EA00505803 /* Config.swift in Sources */ = {isa = PBXBuildFile; fileRef = AF4A32222449E6EA00505803 /* Config.swift */; };
		AF4A32252449EA0800505803 /* ErrorInfo.swift in Sources */ = {isa = PBXBuildFile; fileRef = AF4A32242449EA0800505803 /* ErrorInfo.swift */; };
		AF4A32272449EA2700505803 /* ApiError.swift in Sources */ = {isa = PBXBuildFile; fileRef = AF4A32262449EA2700505803 /* ApiError.swift */; };
		AF4A32292449EA9800505803 /* NetworkManager.swift in Sources */ = {isa = PBXBuildFile; fileRef = AF4A32282449EA9800505803 /* NetworkManager.swift */; };
		AF4A322C244A04A800505803 /* DisplayError.swift in Sources */ = {isa = PBXBuildFile; fileRef = AF4A322B244A04A800505803 /* DisplayError.swift */; };
		AF4A322E244A06E400505803 /* CustomErrorAlert.swift in Sources */ = {isa = PBXBuildFile; fileRef = AF4A322D244A06E400505803 /* CustomErrorAlert.swift */; };
		AF4A3230244A1D5D00505803 /* CurrencyDetailsModel.swift in Sources */ = {isa = PBXBuildFile; fileRef = AF4A322F244A1D5D00505803 /* CurrencyDetailsModel.swift */; };
		AF4A3232244A1D6A00505803 /* CurrencyDetailsVC.swift in Sources */ = {isa = PBXBuildFile; fileRef = AF4A3231244A1D6A00505803 /* CurrencyDetailsVC.swift */; };
		AF4A3234244A1D8000505803 /* CurrencyDetailsPresenter.swift in Sources */ = {isa = PBXBuildFile; fileRef = AF4A3233244A1D8000505803 /* CurrencyDetailsPresenter.swift */; };
		AF4A3237244A207500505803 /* Cache.swift in Sources */ = {isa = PBXBuildFile; fileRef = AF4A3236244A207500505803 /* Cache.swift */; };
		AF4A323D244A3D0700505803 /* CurrencyDetailsViewElements.swift in Sources */ = {isa = PBXBuildFile; fileRef = AF4A323C244A3D0700505803 /* CurrencyDetailsViewElements.swift */; };
		AF4A323F244A404900505803 /* Colors.swift in Sources */ = {isa = PBXBuildFile; fileRef = AF4A323E244A404900505803 /* Colors.swift */; };
		AF4A3241244A40E600505803 /* Fonts.swift in Sources */ = {isa = PBXBuildFile; fileRef = AF4A3240244A40E600505803 /* Fonts.swift */; };
		AF4A3248244B394600505803 /* CurrencyDetailsCell.swift in Sources */ = {isa = PBXBuildFile; fileRef = AF4A3247244B394600505803 /* CurrencyDetailsCell.swift */; };
		AF4A3250244B78D300505803 /* CustomSegmentedControl.swift in Sources */ = {isa = PBXBuildFile; fileRef = AF4A324F244B78D200505803 /* CustomSegmentedControl.swift */; };
/* End PBXBuildFile section */

/* Begin PBXFileReference section */
		036FB753249862913640E77F /* Pods-ExchangeRatesTestTask.debug.xcconfig */ = {isa = PBXFileReference; includeInIndex = 1; lastKnownFileType = text.xcconfig; name = "Pods-ExchangeRatesTestTask.debug.xcconfig"; path = "Target Support Files/Pods-ExchangeRatesTestTask/Pods-ExchangeRatesTestTask.debug.xcconfig"; sourceTree = "<group>"; };
		95F212F338D8E5E8C7796B86 /* Pods-ExchangeRatesTestTask.qa.xcconfig */ = {isa = PBXFileReference; includeInIndex = 1; lastKnownFileType = text.xcconfig; name = "Pods-ExchangeRatesTestTask.qa.xcconfig"; path = "Target Support Files/Pods-ExchangeRatesTestTask/Pods-ExchangeRatesTestTask.qa.xcconfig"; sourceTree = "<group>"; };
		A527500663B0DE1108508518 /* libPods-ExchangeRatesTestTask.a */ = {isa = PBXFileReference; explicitFileType = archive.ar; includeInIndex = 0; path = "libPods-ExchangeRatesTestTask.a"; sourceTree = BUILT_PRODUCTS_DIR; };
		AF4A31E724487E0B00505803 /* ExchangeRatesTestTask.app */ = {isa = PBXFileReference; explicitFileType = wrapper.application; includeInIndex = 0; path = ExchangeRatesTestTask.app; sourceTree = BUILT_PRODUCTS_DIR; };
		AF4A31EA24487E0B00505803 /* AppDelegate.swift */ = {isa = PBXFileReference; lastKnownFileType = sourcecode.swift; path = AppDelegate.swift; sourceTree = "<group>"; };
		AF4A31F124487E0B00505803 /* Base */ = {isa = PBXFileReference; lastKnownFileType = file.storyboard; name = Base; path = Base.lproj/Main.storyboard; sourceTree = "<group>"; };
		AF4A31F324487E0D00505803 /* Assets.xcassets */ = {isa = PBXFileReference; lastKnownFileType = folder.assetcatalog; path = Assets.xcassets; sourceTree = "<group>"; };
		AF4A31F624487E0D00505803 /* Base */ = {isa = PBXFileReference; lastKnownFileType = file.storyboard; name = Base; path = Base.lproj/LaunchScreen.storyboard; sourceTree = "<group>"; };
		AF4A31F824487E0D00505803 /* Info.plist */ = {isa = PBXFileReference; lastKnownFileType = text.plist.xml; path = Info.plist; sourceTree = "<group>"; };
		AF4A320D2448EDB800505803 /* CurrencyListModel.swift */ = {isa = PBXFileReference; lastKnownFileType = sourcecode.swift; path = CurrencyListModel.swift; sourceTree = "<group>"; };
		AF4A320F2448EDD000505803 /* CurrencyListPresenter.swift */ = {isa = PBXFileReference; lastKnownFileType = sourcecode.swift; path = CurrencyListPresenter.swift; sourceTree = "<group>"; };
		AF4A32112448EDDF00505803 /* CurrencyListVC.swift */ = {isa = PBXFileReference; lastKnownFileType = sourcecode.swift; path = CurrencyListVC.swift; sourceTree = "<group>"; };
		AF4A32142449A3CF00505803 /* UIView+Utils.swift */ = {isa = PBXFileReference; lastKnownFileType = sourcecode.swift; path = "UIView+Utils.swift"; sourceTree = "<group>"; };
		AF4A32162449A58400505803 /* CurrencyListCell.swift */ = {isa = PBXFileReference; lastKnownFileType = sourcecode.swift; path = CurrencyListCell.swift; sourceTree = "<group>"; };
		AF4A32182449A5A700505803 /* CurrencyListViewElements.swift */ = {isa = PBXFileReference; lastKnownFileType = sourcecode.swift; path = CurrencyListViewElements.swift; sourceTree = "<group>"; };
		AF4A321A2449E66500505803 /* Currency.swift */ = {isa = PBXFileReference; lastKnownFileType = sourcecode.swift; path = Currency.swift; sourceTree = "<group>"; };
		AF4A321C2449E67000505803 /* Rate.swift */ = {isa = PBXFileReference; lastKnownFileType = sourcecode.swift; path = Rate.swift; sourceTree = "<group>"; };
		AF4A321E2449E6AD00505803 /* ResponseValidator.swift */ = {isa = PBXFileReference; lastKnownFileType = sourcecode.swift; path = ResponseValidator.swift; sourceTree = "<group>"; };
		AF4A32202449E6CF00505803 /* Router.swift */ = {isa = PBXFileReference; lastKnownFileType = sourcecode.swift; path = Router.swift; sourceTree = "<group>"; };
		AF4A32222449E6EA00505803 /* Config.swift */ = {isa = PBXFileReference; lastKnownFileType = sourcecode.swift; path = Config.swift; sourceTree = "<group>"; };
		AF4A32242449EA0800505803 /* ErrorInfo.swift */ = {isa = PBXFileReference; lastKnownFileType = sourcecode.swift; path = ErrorInfo.swift; sourceTree = "<group>"; };
		AF4A32262449EA2700505803 /* ApiError.swift */ = {isa = PBXFileReference; lastKnownFileType = sourcecode.swift; path = ApiError.swift; sourceTree = "<group>"; };
		AF4A32282449EA9800505803 /* NetworkManager.swift */ = {isa = PBXFileReference; lastKnownFileType = sourcecode.swift; path = NetworkManager.swift; sourceTree = "<group>"; };
		AF4A322B244A04A800505803 /* DisplayError.swift */ = {isa = PBXFileReference; lastKnownFileType = sourcecode.swift; path = DisplayError.swift; sourceTree = "<group>"; };
		AF4A322D244A06E400505803 /* CustomErrorAlert.swift */ = {isa = PBXFileReference; lastKnownFileType = sourcecode.swift; path = CustomErrorAlert.swift; sourceTree = "<group>"; };
		AF4A322F244A1D5D00505803 /* CurrencyDetailsModel.swift */ = {isa = PBXFileReference; lastKnownFileType = sourcecode.swift; path = CurrencyDetailsModel.swift; sourceTree = "<group>"; };
		AF4A3231244A1D6A00505803 /* CurrencyDetailsVC.swift */ = {isa = PBXFileReference; lastKnownFileType = sourcecode.swift; path = CurrencyDetailsVC.swift; sourceTree = "<group>"; };
		AF4A3233244A1D8000505803 /* CurrencyDetailsPresenter.swift */ = {isa = PBXFileReference; lastKnownFileType = sourcecode.swift; path = CurrencyDetailsPresenter.swift; sourceTree = "<group>"; };
		AF4A3236244A207500505803 /* Cache.swift */ = {isa = PBXFileReference; lastKnownFileType = sourcecode.swift; path = Cache.swift; sourceTree = "<group>"; };
		AF4A323C244A3D0700505803 /* CurrencyDetailsViewElements.swift */ = {isa = PBXFileReference; lastKnownFileType = sourcecode.swift; path = CurrencyDetailsViewElements.swift; sourceTree = "<group>"; };
		AF4A323E244A404900505803 /* Colors.swift */ = {isa = PBXFileReference; lastKnownFileType = sourcecode.swift; path = Colors.swift; sourceTree = "<group>"; };
		AF4A3240244A40E600505803 /* Fonts.swift */ = {isa = PBXFileReference; lastKnownFileType = sourcecode.swift; path = Fonts.swift; sourceTree = "<group>"; };
		AF4A3247244B394600505803 /* CurrencyDetailsCell.swift */ = {isa = PBXFileReference; lastKnownFileType = sourcecode.swift; path = CurrencyDetailsCell.swift; sourceTree = "<group>"; };
		AF4A324F244B78D200505803 /* CustomSegmentedControl.swift */ = {isa = PBXFileReference; lastKnownFileType = sourcecode.swift; path = CustomSegmentedControl.swift; sourceTree = "<group>"; };
		BAD895112143BCDADF84DB25 /* Pods-ExchangeRatesTestTask.release.xcconfig */ = {isa = PBXFileReference; includeInIndex = 1; lastKnownFileType = text.xcconfig; name = "Pods-ExchangeRatesTestTask.release.xcconfig"; path = "Target Support Files/Pods-ExchangeRatesTestTask/Pods-ExchangeRatesTestTask.release.xcconfig"; sourceTree = "<group>"; };
/* End PBXFileReference section */

/* Begin PBXFrameworksBuildPhase section */
		AF4A31E424487E0B00505803 /* Frameworks */ = {
			isa = PBXFrameworksBuildPhase;
			buildActionMask = 2147483647;
			files = (
				0C39DDFC16A60210E59AF757 /* libPods-ExchangeRatesTestTask.a in Frameworks */,
			);
			runOnlyForDeploymentPostprocessing = 0;
		};
/* End PBXFrameworksBuildPhase section */

/* Begin PBXGroup section */
		82FCB461F387BD14E56F002B /* Frameworks */ = {
			isa = PBXGroup;
			children = (
				A527500663B0DE1108508518 /* libPods-ExchangeRatesTestTask.a */,
			);
			name = Frameworks;
			sourceTree = "<group>";
		};
		8B06B064EBB8D57071CA7A32 /* Pods */ = {
			isa = PBXGroup;
			children = (
				036FB753249862913640E77F /* Pods-ExchangeRatesTestTask.debug.xcconfig */,
				BAD895112143BCDADF84DB25 /* Pods-ExchangeRatesTestTask.release.xcconfig */,
				95F212F338D8E5E8C7796B86 /* Pods-ExchangeRatesTestTask.qa.xcconfig */,
			);
			name = Pods;
			path = Pods;
			sourceTree = "<group>";
		};
		AF4A31DE24487E0B00505803 = {
			isa = PBXGroup;
			children = (
				AF4A31E924487E0B00505803 /* ExchangeRatesTestTask */,
				AF4A31E824487E0B00505803 /* Products */,
				8B06B064EBB8D57071CA7A32 /* Pods */,
				82FCB461F387BD14E56F002B /* Frameworks */,
			);
			sourceTree = "<group>";
		};
		AF4A31E824487E0B00505803 /* Products */ = {
			isa = PBXGroup;
			children = (
				AF4A31E724487E0B00505803 /* ExchangeRatesTestTask.app */,
			);
			name = Products;
			sourceTree = "<group>";
		};
		AF4A31E924487E0B00505803 /* ExchangeRatesTestTask */ = {
			isa = PBXGroup;
			children = (
				AF4A31FE2448E9F200505803 /* Data */,
				AF4A32032448EA3600505803 /* UI */,
				AF4A32132449A3B200505803 /* Utils */,
				AF4A31EA24487E0B00505803 /* AppDelegate.swift */,
				AF4A31F024487E0B00505803 /* Main.storyboard */,
				AF4A31F324487E0D00505803 /* Assets.xcassets */,
				AF4A31F524487E0D00505803 /* LaunchScreen.storyboard */,
				AF4A31F824487E0D00505803 /* Info.plist */,
			);
			path = ExchangeRatesTestTask;
			sourceTree = "<group>";
		};
		AF4A31FE2448E9F200505803 /* Data */ = {
			isa = PBXGroup;
			children = (
				AF4A3235244A206D00505803 /* Cache */,
				AF4A31FF2448E9FD00505803 /* DTO */,
				AF4A32012448EA1200505803 /* Networking */,
			);
			path = Data;
			sourceTree = "<group>";
		};
		AF4A31FF2448E9FD00505803 /* DTO */ = {
			isa = PBXGroup;
			children = (
				AF4A321A2449E66500505803 /* Currency.swift */,
				AF4A321C2449E67000505803 /* Rate.swift */,
			);
			path = DTO;
			sourceTree = "<group>";
		};
		AF4A32012448EA1200505803 /* Networking */ = {
			isa = PBXGroup;
			children = (
				AF4A32022448EA1B00505803 /* Error */,
				AF4A321E2449E6AD00505803 /* ResponseValidator.swift */,
				AF4A32202449E6CF00505803 /* Router.swift */,
				AF4A32222449E6EA00505803 /* Config.swift */,
				AF4A32282449EA9800505803 /* NetworkManager.swift */,
			);
			path = Networking;
			sourceTree = "<group>";
		};
		AF4A32022448EA1B00505803 /* Error */ = {
			isa = PBXGroup;
			children = (
				AF4A32242449EA0800505803 /* ErrorInfo.swift */,
				AF4A32262449EA2700505803 /* ApiError.swift */,
				AF4A322B244A04A800505803 /* DisplayError.swift */,
			);
			path = Error;
			sourceTree = "<group>";
		};
		AF4A32032448EA3600505803 /* UI */ = {
			isa = PBXGroup;
			children = (
				AF4A32062448EB3600505803 /* Currency List */,
				AF4A32052448EB2D00505803 /* Currency Details */,
				AF4A32042448EA4000505803 /* Common */,
			);
			path = UI;
			sourceTree = "<group>";
		};
		AF4A32042448EA4000505803 /* Common */ = {
			isa = PBXGroup;
			children = (
				AF4A322D244A06E400505803 /* CustomErrorAlert.swift */,
				AF4A323E244A404900505803 /* Colors.swift */,
				AF4A3240244A40E600505803 /* Fonts.swift */,
			);
			path = Common;
			sourceTree = "<group>";
		};
		AF4A32052448EB2D00505803 /* Currency Details */ = {
			isa = PBXGroup;
			children = (
				AF4A320C2448EBA000505803 /* Model */,
				AF4A320B2448EB9800505803 /* View */,
				AF4A320A2448EB8C00505803 /* Presenter */,
			);
			path = "Currency Details";
			sourceTree = "<group>";
		};
		AF4A32062448EB3600505803 /* Currency List */ = {
			isa = PBXGroup;
			children = (
				AF4A32072448EB5800505803 /* Model */,
				AF4A32082448EB6200505803 /* View */,
				AF4A32092448EB7500505803 /* Presenter */,
			);
			path = "Currency List";
			sourceTree = "<group>";
		};
		AF4A32072448EB5800505803 /* Model */ = {
			isa = PBXGroup;
			children = (
				AF4A320D2448EDB800505803 /* CurrencyListModel.swift */,
			);
			path = Model;
			sourceTree = "<group>";
		};
		AF4A32082448EB6200505803 /* View */ = {
			isa = PBXGroup;
			children = (
				AF4A32112448EDDF00505803 /* CurrencyListVC.swift */,
				AF4A32162449A58400505803 /* CurrencyListCell.swift */,
				AF4A32182449A5A700505803 /* CurrencyListViewElements.swift */,
				AF4A324F244B78D200505803 /* CustomSegmentedControl.swift */,
			);
			path = View;
			sourceTree = "<group>";
		};
		AF4A32092448EB7500505803 /* Presenter */ = {
			isa = PBXGroup;
			children = (
				AF4A320F2448EDD000505803 /* CurrencyListPresenter.swift */,
			);
			path = Presenter;
			sourceTree = "<group>";
		};
		AF4A320A2448EB8C00505803 /* Presenter */ = {
			isa = PBXGroup;
			children = (
				AF4A3233244A1D8000505803 /* CurrencyDetailsPresenter.swift */,
			);
			path = Presenter;
			sourceTree = "<group>";
		};
		AF4A320B2448EB9800505803 /* View */ = {
			isa = PBXGroup;
			children = (
				AF4A3231244A1D6A00505803 /* CurrencyDetailsVC.swift */,
				AF4A3247244B394600505803 /* CurrencyDetailsCell.swift */,
				AF4A323C244A3D0700505803 /* CurrencyDetailsViewElements.swift */,
			);
			path = View;
			sourceTree = "<group>";
		};
		AF4A320C2448EBA000505803 /* Model */ = {
			isa = PBXGroup;
			children = (
				AF4A322F244A1D5D00505803 /* CurrencyDetailsModel.swift */,
			);
			path = Model;
			sourceTree = "<group>";
		};
		AF4A32132449A3B200505803 /* Utils */ = {
			isa = PBXGroup;
			children = (
				AF4A32142449A3CF00505803 /* UIView+Utils.swift */,
			);
			path = Utils;
			sourceTree = "<group>";
		};
		AF4A3235244A206D00505803 /* Cache */ = {
			isa = PBXGroup;
			children = (
				AF4A3236244A207500505803 /* Cache.swift */,
			);
			path = Cache;
			sourceTree = "<group>";
		};
/* End PBXGroup section */

/* Begin PBXNativeTarget section */
		AF4A31E624487E0B00505803 /* ExchangeRatesTestTask */ = {
			isa = PBXNativeTarget;
			buildConfigurationList = AF4A31FB24487E0D00505803 /* Build configuration list for PBXNativeTarget "ExchangeRatesTestTask" */;
			buildPhases = (
				E2B2CB8113ED3A7E81206A7F /* [CP] Check Pods Manifest.lock */,
				AF4A31E324487E0B00505803 /* Sources */,
				AF4A31E424487E0B00505803 /* Frameworks */,
				AF4A31E524487E0B00505803 /* Resources */,
				54FBB72A71344B77C463F874 /* [CP] Copy Pods Resources */,
			);
			buildRules = (
			);
			dependencies = (
			);
			name = ExchangeRatesTestTask;
			productName = ExchangeRatesTestTask;
			productReference = AF4A31E724487E0B00505803 /* ExchangeRatesTestTask.app */;
			productType = "com.apple.product-type.application";
		};
/* End PBXNativeTarget section */

/* Begin PBXProject section */
		AF4A31DF24487E0B00505803 /* Project object */ = {
			isa = PBXProject;
			attributes = {
				LastSwiftUpdateCheck = 1100;
				LastUpgradeCheck = 1100;
				ORGANIZATIONNAME = "Yuliia Pavlenko";
				TargetAttributes = {
					AF4A31E624487E0B00505803 = {
						CreatedOnToolsVersion = 11.0;
					};
				};
			};
			buildConfigurationList = AF4A31E224487E0B00505803 /* Build configuration list for PBXProject "ExchangeRatesTestTask" */;
			compatibilityVersion = "Xcode 9.3";
			developmentRegion = en;
			hasScannedForEncodings = 0;
			knownRegions = (
				en,
				Base,
			);
			mainGroup = AF4A31DE24487E0B00505803;
			productRefGroup = AF4A31E824487E0B00505803 /* Products */;
			projectDirPath = "";
			projectRoot = "";
			targets = (
				AF4A31E624487E0B00505803 /* ExchangeRatesTestTask */,
			);
		};
/* End PBXProject section */

/* Begin PBXResourcesBuildPhase section */
		AF4A31E524487E0B00505803 /* Resources */ = {
			isa = PBXResourcesBuildPhase;
			buildActionMask = 2147483647;
			files = (
				AF4A31F724487E0D00505803 /* LaunchScreen.storyboard in Resources */,
				AF4A31F424487E0D00505803 /* Assets.xcassets in Resources */,
				AF4A31F224487E0B00505803 /* Main.storyboard in Resources */,
			);
			runOnlyForDeploymentPostprocessing = 0;
		};
/* End PBXResourcesBuildPhase section */

/* Begin PBXShellScriptBuildPhase section */
		54FBB72A71344B77C463F874 /* [CP] Copy Pods Resources */ = {
			isa = PBXShellScriptBuildPhase;
			buildActionMask = 2147483647;
			files = (
			);
			inputFileListPaths = (
				"${PODS_ROOT}/Target Support Files/Pods-ExchangeRatesTestTask/Pods-ExchangeRatesTestTask-resources-${CONFIGURATION}-input-files.xcfilelist",
			);
			name = "[CP] Copy Pods Resources";
			outputFileListPaths = (
				"${PODS_ROOT}/Target Support Files/Pods-ExchangeRatesTestTask/Pods-ExchangeRatesTestTask-resources-${CONFIGURATION}-output-files.xcfilelist",
			);
			runOnlyForDeploymentPostprocessing = 0;
			shellPath = /bin/sh;
			shellScript = "\"${PODS_ROOT}/Target Support Files/Pods-ExchangeRatesTestTask/Pods-ExchangeRatesTestTask-resources.sh\"\n";
			showEnvVarsInLog = 0;
		};
		E2B2CB8113ED3A7E81206A7F /* [CP] Check Pods Manifest.lock */ = {
			isa = PBXShellScriptBuildPhase;
			buildActionMask = 2147483647;
			files = (
			);
			inputFileListPaths = (
			);
			inputPaths = (
				"${PODS_PODFILE_DIR_PATH}/Podfile.lock",
				"${PODS_ROOT}/Manifest.lock",
			);
			name = "[CP] Check Pods Manifest.lock";
			outputFileListPaths = (
			);
			outputPaths = (
				"$(DERIVED_FILE_DIR)/Pods-ExchangeRatesTestTask-checkManifestLockResult.txt",
			);
			runOnlyForDeploymentPostprocessing = 0;
			shellPath = /bin/sh;
			shellScript = "diff \"${PODS_PODFILE_DIR_PATH}/Podfile.lock\" \"${PODS_ROOT}/Manifest.lock\" > /dev/null\nif [ $? != 0 ] ; then\n    # print error to STDERR\n    echo \"error: The sandbox is not in sync with the Podfile.lock. Run 'pod install' or update your CocoaPods installation.\" >&2\n    exit 1\nfi\n# This output is used by Xcode 'outputs' to avoid re-running this script phase.\necho \"SUCCESS\" > \"${SCRIPT_OUTPUT_FILE_0}\"\n";
			showEnvVarsInLog = 0;
		};
/* End PBXShellScriptBuildPhase section */

/* Begin PBXSourcesBuildPhase section */
		AF4A31E324487E0B00505803 /* Sources */ = {
			isa = PBXSourcesBuildPhase;
			buildActionMask = 2147483647;
			files = (
				AF4A3232244A1D6A00505803 /* CurrencyDetailsVC.swift in Sources */,
				AF4A323F244A404900505803 /* Colors.swift in Sources */,
				AF4A321B2449E66500505803 /* Currency.swift in Sources */,
				AF4A3248244B394600505803 /* CurrencyDetailsCell.swift in Sources */,
				AF4A3230244A1D5D00505803 /* CurrencyDetailsModel.swift in Sources */,
				AF4A32192449A5A700505803 /* CurrencyListViewElements.swift in Sources */,
				AF4A323D244A3D0700505803 /* CurrencyDetailsViewElements.swift in Sources */,
				AF4A3241244A40E600505803 /* Fonts.swift in Sources */,
				AF4A3237244A207500505803 /* Cache.swift in Sources */,
				AF4A32252449EA0800505803 /* ErrorInfo.swift in Sources */,
				AF4A321F2449E6AD00505803 /* ResponseValidator.swift in Sources */,
				AF4A32292449EA9800505803 /* NetworkManager.swift in Sources */,
				AF4A322C244A04A800505803 /* DisplayError.swift in Sources */,
				AF4A320E2448EDB800505803 /* CurrencyListModel.swift in Sources */,
				AF4A32212449E6CF00505803 /* Router.swift in Sources */,
				AF4A321D2449E67000505803 /* Rate.swift in Sources */,
				AF4A32232449E6EA00505803 /* Config.swift in Sources */,
				AF4A32272449EA2700505803 /* ApiError.swift in Sources */,
				AF4A32172449A58400505803 /* CurrencyListCell.swift in Sources */,
				AF4A32102448EDD000505803 /* CurrencyListPresenter.swift in Sources */,
				AF4A32122448EDDF00505803 /* CurrencyListVC.swift in Sources */,
				AF4A3250244B78D300505803 /* CustomSegmentedControl.swift in Sources */,
				AF4A32152449A3CF00505803 /* UIView+Utils.swift in Sources */,
				AF4A322E244A06E400505803 /* CustomErrorAlert.swift in Sources */,
				AF4A3234244A1D8000505803 /* CurrencyDetailsPresenter.swift in Sources */,
				AF4A31EB24487E0B00505803 /* AppDelegate.swift in Sources */,
			);
			runOnlyForDeploymentPostprocessing = 0;
		};
/* End PBXSourcesBuildPhase section */

/* Begin PBXVariantGroup section */
		AF4A31F024487E0B00505803 /* Main.storyboard */ = {
			isa = PBXVariantGroup;
			children = (
				AF4A31F124487E0B00505803 /* Base */,
			);
			name = Main.storyboard;
			sourceTree = "<group>";
		};
		AF4A31F524487E0D00505803 /* LaunchScreen.storyboard */ = {
			isa = PBXVariantGroup;
			children = (
				AF4A31F624487E0D00505803 /* Base */,
			);
			name = LaunchScreen.storyboard;
			sourceTree = "<group>";
		};
/* End PBXVariantGroup section */

/* Begin XCBuildConfiguration section */
		AF4A31F924487E0D00505803 /* Debug */ = {
			isa = XCBuildConfiguration;
			buildSettings = {
				ALWAYS_SEARCH_USER_PATHS = NO;
				CLANG_ANALYZER_NONNULL = YES;
				CLANG_ANALYZER_NUMBER_OBJECT_CONVERSION = YES_AGGRESSIVE;
				CLANG_CXX_LANGUAGE_STANDARD = "gnu++14";
				CLANG_CXX_LIBRARY = "libc++";
				CLANG_ENABLE_MODULES = YES;
				CLANG_ENABLE_OBJC_ARC = YES;
				CLANG_ENABLE_OBJC_WEAK = YES;
				CLANG_WARN_BLOCK_CAPTURE_AUTORELEASING = YES;
				CLANG_WARN_BOOL_CONVERSION = YES;
				CLANG_WARN_COMMA = YES;
				CLANG_WARN_CONSTANT_CONVERSION = YES;
				CLANG_WARN_DEPRECATED_OBJC_IMPLEMENTATIONS = YES;
				CLANG_WARN_DIRECT_OBJC_ISA_USAGE = YES_ERROR;
				CLANG_WARN_DOCUMENTATION_COMMENTS = YES;
				CLANG_WARN_EMPTY_BODY = YES;
				CLANG_WARN_ENUM_CONVERSION = YES;
				CLANG_WARN_INFINITE_RECURSION = YES;
				CLANG_WARN_INT_CONVERSION = YES;
				CLANG_WARN_NON_LITERAL_NULL_CONVERSION = YES;
				CLANG_WARN_OBJC_IMPLICIT_RETAIN_SELF = YES;
				CLANG_WARN_OBJC_LITERAL_CONVERSION = YES;
				CLANG_WARN_OBJC_ROOT_CLASS = YES_ERROR;
				CLANG_WARN_RANGE_LOOP_ANALYSIS = YES;
				CLANG_WARN_STRICT_PROTOTYPES = YES;
				CLANG_WARN_SUSPICIOUS_MOVE = YES;
				CLANG_WARN_UNGUARDED_AVAILABILITY = YES_AGGRESSIVE;
				CLANG_WARN_UNREACHABLE_CODE = YES;
				CLANG_WARN__DUPLICATE_METHOD_MATCH = YES;
				COPY_PHASE_STRIP = NO;
				DEBUG_INFORMATION_FORMAT = dwarf;
				ENABLE_STRICT_OBJC_MSGSEND = YES;
				ENABLE_TESTABILITY = YES;
				GCC_C_LANGUAGE_STANDARD = gnu11;
				GCC_DYNAMIC_NO_PIC = NO;
				GCC_NO_COMMON_BLOCKS = YES;
				GCC_OPTIMIZATION_LEVEL = 0;
				GCC_PREPROCESSOR_DEFINITIONS = (
					"DEBUG=1",
					"$(inherited)",
				);
				GCC_WARN_64_TO_32_BIT_CONVERSION = YES;
				GCC_WARN_ABOUT_RETURN_TYPE = YES_ERROR;
				GCC_WARN_UNDECLARED_SELECTOR = YES;
				GCC_WARN_UNINITIALIZED_AUTOS = YES_AGGRESSIVE;
				GCC_WARN_UNUSED_FUNCTION = YES;
				GCC_WARN_UNUSED_VARIABLE = YES;
				IPHONEOS_DEPLOYMENT_TARGET = 11.0;
				MTL_ENABLE_DEBUG_INFO = INCLUDE_SOURCE;
				MTL_FAST_MATH = YES;
				ONLY_ACTIVE_ARCH = YES;
				SDKROOT = iphoneos;
				SWIFT_ACTIVE_COMPILATION_CONDITIONS = DEBUG;
				SWIFT_OPTIMIZATION_LEVEL = "-Onone";
			};
			name = Debug;
		};
		AF4A31FA24487E0D00505803 /* Release */ = {
			isa = XCBuildConfiguration;
			buildSettings = {
				ALWAYS_SEARCH_USER_PATHS = NO;
				CLANG_ANALYZER_NONNULL = YES;
				CLANG_ANALYZER_NUMBER_OBJECT_CONVERSION = YES_AGGRESSIVE;
				CLANG_CXX_LANGUAGE_STANDARD = "gnu++14";
				CLANG_CXX_LIBRARY = "libc++";
				CLANG_ENABLE_MODULES = YES;
				CLANG_ENABLE_OBJC_ARC = YES;
				CLANG_ENABLE_OBJC_WEAK = YES;
				CLANG_WARN_BLOCK_CAPTURE_AUTORELEASING = YES;
				CLANG_WARN_BOOL_CONVERSION = YES;
				CLANG_WARN_COMMA = YES;
				CLANG_WARN_CONSTANT_CONVERSION = YES;
				CLANG_WARN_DEPRECATED_OBJC_IMPLEMENTATIONS = YES;
				CLANG_WARN_DIRECT_OBJC_ISA_USAGE = YES_ERROR;
				CLANG_WARN_DOCUMENTATION_COMMENTS = YES;
				CLANG_WARN_EMPTY_BODY = YES;
				CLANG_WARN_ENUM_CONVERSION = YES;
				CLANG_WARN_INFINITE_RECURSION = YES;
				CLANG_WARN_INT_CONVERSION = YES;
				CLANG_WARN_NON_LITERAL_NULL_CONVERSION = YES;
				CLANG_WARN_OBJC_IMPLICIT_RETAIN_SELF = YES;
				CLANG_WARN_OBJC_LITERAL_CONVERSION = YES;
				CLANG_WARN_OBJC_ROOT_CLASS = YES_ERROR;
				CLANG_WARN_RANGE_LOOP_ANALYSIS = YES;
				CLANG_WARN_STRICT_PROTOTYPES = YES;
				CLANG_WARN_SUSPICIOUS_MOVE = YES;
				CLANG_WARN_UNGUARDED_AVAILABILITY = YES_AGGRESSIVE;
				CLANG_WARN_UNREACHABLE_CODE = YES;
				CLANG_WARN__DUPLICATE_METHOD_MATCH = YES;
				COPY_PHASE_STRIP = NO;
				DEBUG_INFORMATION_FORMAT = "dwarf-with-dsym";
				ENABLE_NS_ASSERTIONS = NO;
				ENABLE_STRICT_OBJC_MSGSEND = YES;
				GCC_C_LANGUAGE_STANDARD = gnu11;
				GCC_NO_COMMON_BLOCKS = YES;
				GCC_WARN_64_TO_32_BIT_CONVERSION = YES;
				GCC_WARN_ABOUT_RETURN_TYPE = YES_ERROR;
				GCC_WARN_UNDECLARED_SELECTOR = YES;
				GCC_WARN_UNINITIALIZED_AUTOS = YES_AGGRESSIVE;
				GCC_WARN_UNUSED_FUNCTION = YES;
				GCC_WARN_UNUSED_VARIABLE = YES;
				IPHONEOS_DEPLOYMENT_TARGET = 11.0;
				MTL_ENABLE_DEBUG_INFO = NO;
				MTL_FAST_MATH = YES;
				SDKROOT = iphoneos;
				SWIFT_COMPILATION_MODE = wholemodule;
				SWIFT_OPTIMIZATION_LEVEL = "-O";
				VALIDATE_PRODUCT = YES;
			};
			name = Release;
		};
		AF4A31FC24487E0D00505803 /* Debug */ = {
			isa = XCBuildConfiguration;
			baseConfigurationReference = 036FB753249862913640E77F /* Pods-ExchangeRatesTestTask.debug.xcconfig */;
			buildSettings = {
				ASSETCATALOG_COMPILER_APPICON_NAME = AppIcon;
				CODE_SIGN_STYLE = Automatic;
				DEVELOPMENT_ASSET_PATHS = "";
				INFOPLIST_FILE = ExchangeRatesTestTask/Info.plist;
				IPHONEOS_DEPLOYMENT_TARGET = 11.0;
				LD_RUNPATH_SEARCH_PATHS = (
					"$(inherited)",
					"@executable_path/Frameworks",
				);
				PRODUCT_BUNDLE_IDENTIFIER = yuliiapavlenko.ExchangeRatesTestTask;
				PRODUCT_NAME = "$(TARGET_NAME)";
				SWIFT_VERSION = 5.0;
				TARGETED_DEVICE_FAMILY = 1;
			};
			name = Debug;
		};
		AF4A31FD24487E0D00505803 /* Release */ = {
			isa = XCBuildConfiguration;
			baseConfigurationReference = BAD895112143BCDADF84DB25 /* Pods-ExchangeRatesTestTask.release.xcconfig */;
			buildSettings = {
				ASSETCATALOG_COMPILER_APPICON_NAME = AppIcon;
				CODE_SIGN_STYLE = Automatic;
				DEVELOPMENT_ASSET_PATHS = "";
				INFOPLIST_FILE = ExchangeRatesTestTask/Info.plist;
				IPHONEOS_DEPLOYMENT_TARGET = 11.0;
				LD_RUNPATH_SEARCH_PATHS = (
					"$(inherited)",
					"@executable_path/Frameworks",
				);
				PRODUCT_BUNDLE_IDENTIFIER = yuliiapavlenko.ExchangeRatesTestTask;
				PRODUCT_NAME = "$(TARGET_NAME)";
				SWIFT_VERSION = 5.0;
				TARGETED_DEVICE_FAMILY = 1;
			};
			name = Release;
		};
		AF4A323A244A2E4100505803 /* QA */ = {
			isa = XCBuildConfiguration;
			buildSettings = {
				ALWAYS_SEARCH_USER_PATHS = NO;
				CLANG_ANALYZER_NONNULL = YES;
				CLANG_ANALYZER_NUMBER_OBJECT_CONVERSION = YES_AGGRESSIVE;
				CLANG_CXX_LANGUAGE_STANDARD = "gnu++14";
				CLANG_CXX_LIBRARY = "libc++";
				CLANG_ENABLE_MODULES = YES;
				CLANG_ENABLE_OBJC_ARC = YES;
				CLANG_ENABLE_OBJC_WEAK = YES;
				CLANG_WARN_BLOCK_CAPTURE_AUTORELEASING = YES;
				CLANG_WARN_BOOL_CONVERSION = YES;
				CLANG_WARN_COMMA = YES;
				CLANG_WARN_CONSTANT_CONVERSION = YES;
				CLANG_WARN_DEPRECATED_OBJC_IMPLEMENTATIONS = YES;
				CLANG_WARN_DIRECT_OBJC_ISA_USAGE = YES_ERROR;
				CLANG_WARN_DOCUMENTATION_COMMENTS = YES;
				CLANG_WARN_EMPTY_BODY = YES;
				CLANG_WARN_ENUM_CONVERSION = YES;
				CLANG_WARN_INFINITE_RECURSION = YES;
				CLANG_WARN_INT_CONVERSION = YES;
				CLANG_WARN_NON_LITERAL_NULL_CONVERSION = YES;
				CLANG_WARN_OBJC_IMPLICIT_RETAIN_SELF = YES;
				CLANG_WARN_OBJC_LITERAL_CONVERSION = YES;
				CLANG_WARN_OBJC_ROOT_CLASS = YES_ERROR;
				CLANG_WARN_RANGE_LOOP_ANALYSIS = YES;
				CLANG_WARN_STRICT_PROTOTYPES = YES;
				CLANG_WARN_SUSPICIOUS_MOVE = YES;
				CLANG_WARN_UNGUARDED_AVAILABILITY = YES_AGGRESSIVE;
				CLANG_WARN_UNREACHABLE_CODE = YES;
				CLANG_WARN__DUPLICATE_METHOD_MATCH = YES;
				COPY_PHASE_STRIP = NO;
				DEBUG_INFORMATION_FORMAT = "dwarf-with-dsym";
				ENABLE_NS_ASSERTIONS = NO;
				ENABLE_STRICT_OBJC_MSGSEND = YES;
				GCC_C_LANGUAGE_STANDARD = gnu11;
				GCC_NO_COMMON_BLOCKS = YES;
				GCC_WARN_64_TO_32_BIT_CONVERSION = YES;
				GCC_WARN_ABOUT_RETURN_TYPE = YES_ERROR;
				GCC_WARN_UNDECLARED_SELECTOR = YES;
				GCC_WARN_UNINITIALIZED_AUTOS = YES_AGGRESSIVE;
				GCC_WARN_UNUSED_FUNCTION = YES;
				GCC_WARN_UNUSED_VARIABLE = YES;
				IPHONEOS_DEPLOYMENT_TARGET = 11.0;
				MTL_ENABLE_DEBUG_INFO = NO;
				MTL_FAST_MATH = YES;
				SDKROOT = iphoneos;
				SWIFT_COMPILATION_MODE = wholemodule;
				SWIFT_OPTIMIZATION_LEVEL = "-O";
				VALIDATE_PRODUCT = YES;
			};
			name = QA;
		};
		AF4A323B244A2E4100505803 /* QA */ = {
			isa = XCBuildConfiguration;
			baseConfigurationReference = 95F212F338D8E5E8C7796B86 /* Pods-ExchangeRatesTestTask.qa.xcconfig */;
			buildSettings = {
				ASSETCATALOG_COMPILER_APPICON_NAME = AppIcon;
				CODE_SIGN_STYLE = Automatic;
				DEVELOPMENT_ASSET_PATHS = "";
				INFOPLIST_FILE = ExchangeRatesTestTask/Info.plist;
				IPHONEOS_DEPLOYMENT_TARGET = 11.0;
				LD_RUNPATH_SEARCH_PATHS = (
					"$(inherited)",
					"@executable_path/Frameworks",
				);
				PRODUCT_BUNDLE_IDENTIFIER = yuliiapavlenko.ExchangeRatesTestTask;
				PRODUCT_NAME = "$(TARGET_NAME)";
				SWIFT_VERSION = 5.0;
				TARGETED_DEVICE_FAMILY = 1;
			};
			name = QA;
		};
/* End XCBuildConfiguration section */

/* Begin XCConfigurationList section */
		AF4A31E224487E0B00505803 /* Build configuration list for PBXProject "ExchangeRatesTestTask" */ = {
			isa = XCConfigurationList;
			buildConfigurations = (
				AF4A31F924487E0D00505803 /* Debug */,
				AF4A31FA24487E0D00505803 /* Release */,
				AF4A323A244A2E4100505803 /* QA */,
			);
			defaultConfigurationIsVisible = 0;
			defaultConfigurationName = Release;
		};
		AF4A31FB24487E0D00505803 /* Build configuration list for PBXNativeTarget "ExchangeRatesTestTask" */ = {
			isa = XCConfigurationList;
			buildConfigurations = (
				AF4A31FC24487E0D00505803 /* Debug */,
				AF4A31FD24487E0D00505803 /* Release */,
				AF4A323B244A2E4100505803 /* QA */,
			);
			defaultConfigurationIsVisible = 0;
			defaultConfigurationName = Release;
		};
/* End XCConfigurationList section */
	};
	rootObject = AF4A31DF24487E0B00505803 /* Project object */;
}
